# This file is automatically @generated by Cargo.
# It is not intended for manual editing.
version = 4

[[package]]
name = "astrotime"
version = "0.2.0"
source = "registry+https://github.com/rust-lang/crates.io-index"
checksum = "e0e39040e20b7e4011fbaf2db2527e1d53b555ed3e2e97fd2c752a5b501fb870"

[[package]]
name = "sunangle"
version = "0.1.0"
dependencies = [
 "astrotime",
]
