# This file is automatically @generated by Cargo.
# It is not intended for manual editing.
version = 4

[[package]]
name = "astrotime"
version = "0.2.0"
source = "git+https://github.com/mikedilger/astrotime?branch=master#be0033715200d4f4e114d63a5075d470649f28d2"

[[package]]
name = "sunangle"
version = "0.1.0"
dependencies = [
 "astrotime",
]
